
Microsoft Visual Studio Solution File, Format Version 12.00
# Visual Studio Express 2012 for Windows Desktop
Project("{8BC9CEB8-8B4A-11D0-8D11-00A0C91BC942}") = "SteamSensorApp", "SteamSensorApp.vcxproj", "{71EB0146-7F7A-4991-AB02-94E231A16367}"
	ProjectSection(ProjectDependencies) = postProject
		{5307E84B-5177-4B40-BBD8-55C80199E6CB} = {5307E84B-5177-4B40-BBD8-55C80199E6CB}
		{1F6CD8BD-8731-434A-88F5-8C05F0CA78AC} = {1F6CD8BD-8731-434A-88F5-8C05F0CA78AC}
	EndProjectSection
EndProject
Project("{8BC9CEB8-8B4A-11D0-8D11-00A0C91BC942}") = "twSDK", "..\..\..\build\platforms\win32\twSDK.vcxproj", "{5307E84B-5177-4B40-BBD8-55C80199E6CB}"
EndProject
Project("{8BC9CEB8-8B4A-11D0-8D11-00A0C91BC942}") = "axtls_lib", "..\..\..\src\tls\win32\axtls_lib.vcxproj", "{1F6CD8BD-8731-434A-88F5-8C05F0CA78AC}"
EndProject
Global
	GlobalSection(SolutionConfigurationPlatforms) = preSolution
		Debug|Win32 = Debug|Win32
		Release|Win32 = Release|Win32
	EndGlobalSection
	GlobalSection(ProjectConfigurationPlatforms) = postSolution
		{71EB0146-7F7A-4991-AB02-94E231A16367}.Debug|Win32.ActiveCfg = Debug|Win32
		{71EB0146-7F7A-4991-AB02-94E231A16367}.Debug|Win32.Build.0 = Debug|Win32
		{71EB0146-7F7A-4991-AB02-94E231A16367}.Release|Win32.ActiveCfg = Release|Win32
		{71EB0146-7F7A-4991-AB02-94E231A16367}.Release|Win32.Build.0 = Release|Win32
		{5307E84B-5177-4B40-BBD8-55C80199E6CB}.Debug|Win32.ActiveCfg = Debug|Win32
		{5307E84B-5177-4B40-BBD8-55C80199E6CB}.Debug|Win32.Build.0 = Debug|Win32
		{5307E84B-5177-4B40-BBD8-55C80199E6CB}.Release|Win32.ActiveCfg = Release|Win32
		{5307E84B-5177-4B40-BBD8-55C80199E6CB}.Release|Win32.Build.0 = Release|Win32
		{1F6CD8BD-8731-434A-88F5-8C05F0CA78AC}.Debug|Win32.ActiveCfg = Debug|Win32
		{1F6CD8BD-8731-434A-88F5-8C05F0CA78AC}.Debug|Win32.Build.0 = Debug|Win32
		{1F6CD8BD-8731-434A-88F5-8C05F0CA78AC}.Release|Win32.ActiveCfg = Release|Win32
		{1F6CD8BD-8731-434A-88F5-8C05F0CA78AC}.Release|Win32.Build.0 = Release|Win32
	EndGlobalSection
	GlobalSection(SolutionProperties) = preSolution
		HideSolutionNode = FALSE
	EndGlobalSection
EndGlobal
